
Microsoft Visual Studio Solution File, Format Version 12.00
# Visual Studio Version 17
VisualStudioVersion = 17.0.31912.275
MinimumVisualStudioVersion = 10.0.40219.1
Project("{FAE04EC0-301F-11D3-BF4B-00C04F79EFBC}") = "Helpers_DataPassing", "Helpers_DataPassing.csproj", "{DBDF7DA1-58C3-4EC3-915D-FD159C06D407}"
EndProject
Global
	GlobalSection(SolutionConfigurationPlatforms) = preSolution
		Debug|Any CPU = Debug|Any CPU
		Release|Any CPU = Release|Any CPU
	EndGlobalSection
	GlobalSection(ProjectConfigurationPlatforms) = postSolution
		{DBDF7DA1-58C3-4EC3-915D-FD159C06D407}.Debug|Any CPU.ActiveCfg = Debug|Any CPU
		{DBDF7DA1-58C3-4EC3-915D-FD159C06D407}.Debug|Any CPU.Build.0 = Debug|Any CPU
		{DBDF7DA1-58C3-4EC3-915D-FD159C06D407}.Release|Any CPU.ActiveCfg = Release|Any CPU
		{DBDF7DA1-58C3-4EC3-915D-FD159C06D407}.Release|Any CPU.Build.0 = Release|Any CPU
	EndGlobalSection
	GlobalSection(SolutionProperties) = preSolution
		HideSolutionNode = FALSE
	EndGlobalSection
	GlobalSection(ExtensibilityGlobals) = postSolution
		SolutionGuid = {04F23E83-8A91-456B-9283-960C04864548}
	EndGlobalSection
EndGlobal
